
Microsoft Visual Studio Solution File, Format Version 12.00
# Visual Studio Version 17
VisualStudioVersion = 17.3.32811.315
MinimumVisualStudioVersion = 10.0.40219.1
Project("{FAE04EC0-301F-11D3-BF4B-00C04F79EFBC}") = "Practics", "Practics\Practics.csproj", "{A5FF7EFD-F8C3-48B7-A20E-E2DD6FF7451A}"
EndProject
Global
	GlobalSection(SolutionConfigurationPlatforms) = preSolution
		Debug|Any CPU = Debug|Any CPU
		Release|Any CPU = Release|Any CPU
	EndGlobalSection
	GlobalSection(ProjectConfigurationPlatforms) = postSolution
		{A5FF7EFD-F8C3-48B7-A20E-E2DD6FF7451A}.Debug|Any CPU.ActiveCfg = Debug|Any CPU
		{A5FF7EFD-F8C3-48B7-A20E-E2DD6FF7451A}.Debug|Any CPU.Build.0 = Debug|Any CPU
		{A5FF7EFD-F8C3-48B7-A20E-E2DD6FF7451A}.Release|Any CPU.ActiveCfg = Release|Any CPU
		{A5FF7EFD-F8C3-48B7-A20E-E2DD6FF7451A}.Release|Any CPU.Build.0 = Release|Any CPU
	EndGlobalSection
	GlobalSection(SolutionProperties) = preSolution
		HideSolutionNode = FALSE
	EndGlobalSection
	GlobalSection(ExtensibilityGlobals) = postSolution
		SolutionGuid = {4AE67726-4B8D-49F5-9428-DF4347186FD6}
	EndGlobalSection
EndGlobal
